
Microsoft Visual Studio Solution File, Format Version 11.00
# Visual Studio 2010
Project("{FAE04EC0-301F-11D3-BF4B-00C04F79EFBC}") = "OpenToDo", "OpenToDo\OpenToDo.csproj", "{5B8F0760-9AC1-42D6-9063-E76AF477F8CA}"
EndProject
Global
	GlobalSection(SolutionConfigurationPlatforms) = preSolution
		Debug|Any CPU = Debug|Any CPU
		Release|Any CPU = Release|Any CPU
	EndGlobalSection
	GlobalSection(ProjectConfigurationPlatforms) = postSolution
		{5B8F0760-9AC1-42D6-9063-E76AF477F8CA}.Debug|Any CPU.ActiveCfg = Debug|Any CPU
		{5B8F0760-9AC1-42D6-9063-E76AF477F8CA}.Debug|Any CPU.Build.0 = Debug|Any CPU
		{5B8F0760-9AC1-42D6-9063-E76AF477F8CA}.Debug|Any CPU.Deploy.0 = Debug|Any CPU
		{5B8F0760-9AC1-42D6-9063-E76AF477F8CA}.Release|Any CPU.ActiveCfg = Release|Any CPU
		{5B8F0760-9AC1-42D6-9063-E76AF477F8CA}.Release|Any CPU.Build.0 = Release|Any CPU
		{5B8F0760-9AC1-42D6-9063-E76AF477F8CA}.Release|Any CPU.Deploy.0 = Release|Any CPU
	EndGlobalSection
	GlobalSection(SolutionProperties) = preSolution
		HideSolutionNode = FALSE
	EndGlobalSection
EndGlobal
